// !$*UTF8*$!
{
	archiveVersion = 1;
	classes = {
	};
	objectVersion = 50;
	objects = {

/* Begin PBXBuildFile section */
		7AAA489E22B642970063A1CD /* AppDelegate.swift in Sources */ = {isa = PBXBuildFile; fileRef = 7AAA489D22B642970063A1CD /* AppDelegate.swift */; };
		7AAA48A022B642970063A1CD /* ViewController.swift in Sources */ = {isa = PBXBuildFile; fileRef = 7AAA489F22B642970063A1CD /* ViewController.swift */; };
		7AAA48A322B642970063A1CD /* Main.storyboard in Resources */ = {isa = PBXBuildFile; fileRef = 7AAA48A122B642970063A1CD /* Main.storyboard */; };
		7AAA48A522B642990063A1CD /* Assets.xcassets in Resources */ = {isa = PBXBuildFile; fileRef = 7AAA48A422B642990063A1CD /* Assets.xcassets */; };
		7AAA48A822B642990063A1CD /* LaunchScreen.storyboard in Resources */ = {isa = PBXBuildFile; fileRef = 7AAA48A622B642990063A1CD /* LaunchScreen.storyboard */; };
		7AAA48B122B644F20063A1CD /* CyclePageView.swift in Sources */ = {isa = PBXBuildFile; fileRef = 7AAA48B022B644F20063A1CD /* CyclePageView.swift */; };
		7AAA48B322B645290063A1CD /* CyclePageViewCell.swift in Sources */ = {isa = PBXBuildFile; fileRef = 7AAA48B222B645290063A1CD /* CyclePageViewCell.swift */; };
		7AAA48B522B6673F0063A1CD /* CyclePageCollectionViewDataSource.swift in Sources */ = {isa = PBXBuildFile; fileRef = 7AAA48B422B6673F0063A1CD /* CyclePageCollectionViewDataSource.swift */; };
		7AFA807422C496B500F97F1A /* PageControl.swift in Sources */ = {isa = PBXBuildFile; fileRef = 7AFA807322C496B500F97F1A /* PageControl.swift */; };
		7AFA807622C4EFA600F97F1A /* CyclePageView.podspec in Resources */ = {isa = PBXBuildFile; fileRef = 7AFA807522C4EFA600F97F1A /* CyclePageView.podspec */; };
		ED6977BA81AAB2A3FE5718DF /* Pods_CyclePageView.framework in Frameworks */ = {isa = PBXBuildFile; fileRef = 365D094C2DCC215A1FAC948A /* Pods_CyclePageView.framework */; };
/* End PBXBuildFile section */

/* Begin PBXFileReference section */
		365D094C2DCC215A1FAC948A /* Pods_CyclePageView.framework */ = {isa = PBXFileReference; explicitFileType = wrapper.framework; includeInIndex = 0; path = Pods_CyclePageView.framework; sourceTree = BUILT_PRODUCTS_DIR; };
		789588A712A10F8DC2A7077D /* Pods-CyclePageView.release.xcconfig */ = {isa = PBXFileReference; includeInIndex = 1; lastKnownFileType = text.xcconfig; name = "Pods-CyclePageView.release.xcconfig"; path = "Target Support Files/Pods-CyclePageView/Pods-CyclePageView.release.xcconfig"; sourceTree = "<group>"; };
		7AAA489A22B642970063A1CD /* CyclePageView.app */ = {isa = PBXFileReference; explicitFileType = wrapper.application; includeInIndex = 0; path = CyclePageView.app; sourceTree = BUILT_PRODUCTS_DIR; };
		7AAA489D22B642970063A1CD /* AppDelegate.swift */ = {isa = PBXFileReference; lastKnownFileType = sourcecode.swift; path = AppDelegate.swift; sourceTree = "<group>"; };
		7AAA489F22B642970063A1CD /* ViewController.swift */ = {isa = PBXFileReference; lastKnownFileType = sourcecode.swift; path = ViewController.swift; sourceTree = "<group>"; };
		7AAA48A222B642970063A1CD /* Base */ = {isa = PBXFileReference; lastKnownFileType = file.storyboard; name = Base; path = Base.lproj/Main.storyboard; sourceTree = "<group>"; };
		7AAA48A422B642990063A1CD /* Assets.xcassets */ = {isa = PBXFileReference; lastKnownFileType = folder.assetcatalog; path = Assets.xcassets; sourceTree = "<group>"; };
		7AAA48A722B642990063A1CD /* Base */ = {isa = PBXFileReference; lastKnownFileType = file.storyboard; name = Base; path = Base.lproj/LaunchScreen.storyboard; sourceTree = "<group>"; };
		7AAA48A922B642990063A1CD /* Info.plist */ = {isa = PBXFileReference; lastKnownFileType = text.plist.xml; path = Info.plist; sourceTree = "<group>"; };
		7AAA48B022B644F20063A1CD /* CyclePageView.swift */ = {isa = PBXFileReference; lastKnownFileType = sourcecode.swift; path = CyclePageView.swift; sourceTree = "<group>"; };
		7AAA48B222B645290063A1CD /* CyclePageViewCell.swift */ = {isa = PBXFileReference; lastKnownFileType = sourcecode.swift; path = CyclePageViewCell.swift; sourceTree = "<group>"; };
		7AAA48B422B6673F0063A1CD /* CyclePageCollectionViewDataSource.swift */ = {isa = PBXFileReference; lastKnownFileType = sourcecode.swift; path = CyclePageCollectionViewDataSource.swift; sourceTree = "<group>"; };
		7AFA807322C496B500F97F1A /* PageControl.swift */ = {isa = PBXFileReference; lastKnownFileType = sourcecode.swift; path = PageControl.swift; sourceTree = "<group>"; };
		7AFA807522C4EFA600F97F1A /* CyclePageView.podspec */ = {isa = PBXFileReference; explicitFileType = text.script.ruby; fileEncoding = 4; path = CyclePageView.podspec; sourceTree = "<group>"; };
		83BC349DC7EEEF24135EB213 /* Pods-CyclePageView.debug.xcconfig */ = {isa = PBXFileReference; includeInIndex = 1; lastKnownFileType = text.xcconfig; name = "Pods-CyclePageView.debug.xcconfig"; path = "Target Support Files/Pods-CyclePageView/Pods-CyclePageView.debug.xcconfig"; sourceTree = "<group>"; };
/* End PBXFileReference section */

/* Begin PBXFrameworksBuildPhase section */
		7AAA489722B642970063A1CD /* Frameworks */ = {
			isa = PBXFrameworksBuildPhase;
			buildActionMask = 2147483647;
			files = (
				ED6977BA81AAB2A3FE5718DF /* Pods_CyclePageView.framework in Frameworks */,
			);
			runOnlyForDeploymentPostprocessing = 0;
		};
/* End PBXFrameworksBuildPhase section */

/* Begin PBXGroup section */
		0290146963136E5374F91DD3 /* Pods */ = {
			isa = PBXGroup;
			children = (
				83BC349DC7EEEF24135EB213 /* Pods-CyclePageView.debug.xcconfig */,
				789588A712A10F8DC2A7077D /* Pods-CyclePageView.release.xcconfig */,
			);
			path = Pods;
			sourceTree = "<group>";
		};
		7AAA489122B642970063A1CD = {
			isa = PBXGroup;
			children = (
				7AFA807522C4EFA600F97F1A /* CyclePageView.podspec */,
				7AAA48AF22B644AE0063A1CD /* Sources */,
				7AAA489C22B642970063A1CD /* CyclePageView */,
				7AAA489B22B642970063A1CD /* Products */,
				0290146963136E5374F91DD3 /* Pods */,
				C48520E1D17B1D726E34C0D8 /* Frameworks */,
			);
			sourceTree = "<group>";
		};
		7AAA489B22B642970063A1CD /* Products */ = {
			isa = PBXGroup;
			children = (
				7AAA489A22B642970063A1CD /* CyclePageView.app */,
			);
			name = Products;
			sourceTree = "<group>";
		};
		7AAA489C22B642970063A1CD /* CyclePageView */ = {
			isa = PBXGroup;
			children = (
				7AAA489D22B642970063A1CD /* AppDelegate.swift */,
				7AAA489F22B642970063A1CD /* ViewController.swift */,
				7AAA48A122B642970063A1CD /* Main.storyboard */,
				7AAA48A422B642990063A1CD /* Assets.xcassets */,
				7AAA48A622B642990063A1CD /* LaunchScreen.storyboard */,
				7AAA48A922B642990063A1CD /* Info.plist */,
			);
			path = CyclePageView;
			sourceTree = "<group>";
		};
		7AAA48AF22B644AE0063A1CD /* Sources */ = {
			isa = PBXGroup;
			children = (
				7AAA48B022B644F20063A1CD /* CyclePageView.swift */,
				7AAA48B222B645290063A1CD /* CyclePageViewCell.swift */,
				7AAA48B422B6673F0063A1CD /* CyclePageCollectionViewDataSource.swift */,
				7AFA807322C496B500F97F1A /* PageControl.swift */,
			);
			path = Sources;
			sourceTree = "<group>";
		};
		C48520E1D17B1D726E34C0D8 /* Frameworks */ = {
			isa = PBXGroup;
			children = (
				365D094C2DCC215A1FAC948A /* Pods_CyclePageView.framework */,
			);
			name = Frameworks;
			sourceTree = "<group>";
		};
/* End PBXGroup section */

/* Begin PBXNativeTarget section */
		7AAA489922B642970063A1CD /* CyclePageView */ = {
			isa = PBXNativeTarget;
			buildConfigurationList = 7AAA48AC22B642990063A1CD /* Build configuration list for PBXNativeTarget "CyclePageView" */;
			buildPhases = (
				DF49B484943B11829E7DA8D6 /* [CP] Check Pods Manifest.lock */,
				7AAA489622B642970063A1CD /* Sources */,
				7AAA489722B642970063A1CD /* Frameworks */,
				7AAA489822B642970063A1CD /* Resources */,
			);
			buildRules = (
			);
			dependencies = (
			);
			name = CyclePageView;
			productName = CyclePageView;
			productReference = 7AAA489A22B642970063A1CD /* CyclePageView.app */;
			productType = "com.apple.product-type.application";
		};
/* End PBXNativeTarget section */

/* Begin PBXProject section */
		7AAA489222B642970063A1CD /* Project object */ = {
			isa = PBXProject;
			attributes = {
				LastSwiftUpdateCheck = 1020;
				LastUpgradeCheck = 1020;
				ORGANIZATIONNAME = QiangJindong;
				TargetAttributes = {
					7AAA489922B642970063A1CD = {
						CreatedOnToolsVersion = 10.2;
						LastSwiftMigration = 1020;
					};
				};
			};
			buildConfigurationList = 7AAA489522B642970063A1CD /* Build configuration list for PBXProject "CyclePageView" */;
			compatibilityVersion = "Xcode 9.3";
			developmentRegion = en;
			hasScannedForEncodings = 0;
			knownRegions = (
				en,
				Base,
			);
			mainGroup = 7AAA489122B642970063A1CD;
			productRefGroup = 7AAA489B22B642970063A1CD /* Products */;
			projectDirPath = "";
			projectRoot = "";
			targets = (
				7AAA489922B642970063A1CD /* CyclePageView */,
			);
		};
/* End PBXProject section */

/* Begin PBXResourcesBuildPhase section */
		7AAA489822B642970063A1CD /* Resources */ = {
			isa = PBXResourcesBuildPhase;
			buildActionMask = 2147483647;
			files = (
				7AAA48A822B642990063A1CD /* LaunchScreen.storyboard in Resources */,
				7AFA807622C4EFA600F97F1A /* CyclePageView.podspec in Resources */,
				7AAA48A522B642990063A1CD /* Assets.xcassets in Resources */,
				7AAA48A322B642970063A1CD /* Main.storyboard in Resources */,
			);
			runOnlyForDeploymentPostprocessing = 0;
		};
/* End PBXResourcesBuildPhase section */

/* Begin PBXShellScriptBuildPhase section */
		DF49B484943B11829E7DA8D6 /* [CP] Check Pods Manifest.lock */ = {
			isa = PBXShellScriptBuildPhase;
			buildActionMask = 2147483647;
			files = (
			);
			inputFileListPaths = (
			);
			inputPaths = (
				"${PODS_PODFILE_DIR_PATH}/Podfile.lock",
				"${PODS_ROOT}/Manifest.lock",
			);
			name = "[CP] Check Pods Manifest.lock";
			outputFileListPaths = (
			);
			outputPaths = (
				"$(DERIVED_FILE_DIR)/Pods-CyclePageView-checkManifestLockResult.txt",
			);
			runOnlyForDeploymentPostprocessing = 0;
			shellPath = /bin/sh;
			shellScript = "diff \"${PODS_PODFILE_DIR_PATH}/Podfile.lock\" \"${PODS_ROOT}/Manifest.lock\" > /dev/null\nif [ $? != 0 ] ; then\n    # print error to STDERR\n    echo \"error: The sandbox is not in sync with the Podfile.lock. Run 'pod install' or update your CocoaPods installation.\" >&2\n    exit 1\nfi\n# This output is used by Xcode 'outputs' to avoid re-running this script phase.\necho \"SUCCESS\" > \"${SCRIPT_OUTPUT_FILE_0}\"\n";
			showEnvVarsInLog = 0;
		};
/* End PBXShellScriptBuildPhase section */

/* Begin PBXSourcesBuildPhase section */
		7AAA489622B642970063A1CD /* Sources */ = {
			isa = PBXSourcesBuildPhase;
			buildActionMask = 2147483647;
			files = (
				7AAA48B122B644F20063A1CD /* CyclePageView.swift in Sources */,
				7AAA48A022B642970063A1CD /* ViewController.swift in Sources */,
				7AFA807422C496B500F97F1A /* PageControl.swift in Sources */,
				7AAA48B322B645290063A1CD /* CyclePageViewCell.swift in Sources */,
				7AAA489E22B642970063A1CD /* AppDelegate.swift in Sources */,
				7AAA48B522B6673F0063A1CD /* CyclePageCollectionViewDataSource.swift in Sources */,
			);
			runOnlyForDeploymentPostprocessing = 0;
		};
/* End PBXSourcesBuildPhase section */

/* Begin PBXVariantGroup section */
		7AAA48A122B642970063A1CD /* Main.storyboard */ = {
			isa = PBXVariantGroup;
			children = (
				7AAA48A222B642970063A1CD /* Base */,
			);
			name = Main.storyboard;
			sourceTree = "<group>";
		};
		7AAA48A622B642990063A1CD /* LaunchScreen.storyboard */ = {
			isa = PBXVariantGroup;
			children = (
				7AAA48A722B642990063A1CD /* Base */,
			);
			name = LaunchScreen.storyboard;
			sourceTree = "<group>";
		};
/* End PBXVariantGroup section */

/* Begin XCBuildConfiguration section */
		7AAA48AA22B642990063A1CD /* Debug */ = {
			isa = XCBuildConfiguration;
			buildSettings = {
				ALWAYS_SEARCH_USER_PATHS = NO;
				CLANG_ANALYZER_NONNULL = YES;
				CLANG_ANALYZER_NUMBER_OBJECT_CONVERSION = YES_AGGRESSIVE;
				CLANG_CXX_LANGUAGE_STANDARD = "gnu++14";
				CLANG_CXX_LIBRARY = "libc++";
				CLANG_ENABLE_MODULES = YES;
				CLANG_ENABLE_OBJC_ARC = YES;
				CLANG_ENABLE_OBJC_WEAK = YES;
				CLANG_WARN_BLOCK_CAPTURE_AUTORELEASING = YES;
				CLANG_WARN_BOOL_CONVERSION = YES;
				CLANG_WARN_COMMA = YES;
				CLANG_WARN_CONSTANT_CONVERSION = YES;
				CLANG_WARN_DEPRECATED_OBJC_IMPLEMENTATIONS = YES;
				CLANG_WARN_DIRECT_OBJC_ISA_USAGE = YES_ERROR;
				CLANG_WARN_DOCUMENTATION_COMMENTS = YES;
				CLANG_WARN_EMPTY_BODY = YES;
				CLANG_WARN_ENUM_CONVERSION = YES;
				CLANG_WARN_INFINITE_RECURSION = YES;
				CLANG_WARN_INT_CONVERSION = YES;
				CLANG_WARN_NON_LITERAL_NULL_CONVERSION = YES;
				CLANG_WARN_OBJC_IMPLICIT_RETAIN_SELF = YES;
				CLANG_WARN_OBJC_LITERAL_CONVERSION = YES;
				CLANG_WARN_OBJC_ROOT_CLASS = YES_ERROR;
				CLANG_WARN_RANGE_LOOP_ANALYSIS = YES;
				CLANG_WARN_STRICT_PROTOTYPES = YES;
				CLANG_WARN_SUSPICIOUS_MOVE = YES;
				CLANG_WARN_UNGUARDED_AVAILABILITY = YES_AGGRESSIVE;
				CLANG_WARN_UNREACHABLE_CODE = YES;
				CLANG_WARN__DUPLICATE_METHOD_MATCH = YES;
				CODE_SIGN_IDENTITY = "iPhone Developer";
				COPY_PHASE_STRIP = NO;
				DEBUG_INFORMATION_FORMAT = dwarf;
				ENABLE_STRICT_OBJC_MSGSEND = YES;
				ENABLE_TESTABILITY = YES;
				GCC_C_LANGUAGE_STANDARD = gnu11;
				GCC_DYNAMIC_NO_PIC = NO;
				GCC_NO_COMMON_BLOCKS = YES;
				GCC_OPTIMIZATION_LEVEL = 0;
				GCC_PREPROCESSOR_DEFINITIONS = (
					"DEBUG=1",
					"$(inherited)",
				);
				GCC_WARN_64_TO_32_BIT_CONVERSION = YES;
				GCC_WARN_ABOUT_RETURN_TYPE = YES_ERROR;
				GCC_WARN_UNDECLARED_SELECTOR = YES;
				GCC_WARN_UNINITIALIZED_AUTOS = YES_AGGRESSIVE;
				GCC_WARN_UNUSED_FUNCTION = YES;
				GCC_WARN_UNUSED_VARIABLE = YES;
				IPHONEOS_DEPLOYMENT_TARGET = 9.0;
				MTL_ENABLE_DEBUG_INFO = INCLUDE_SOURCE;
				MTL_FAST_MATH = YES;
				ONLY_ACTIVE_ARCH = YES;
				OTHER_SWIFT_FLAGS = "-DDEBUG";
				SDKROOT = iphoneos;
				SWIFT_ACTIVE_COMPILATION_CONDITIONS = DEBUG;
				SWIFT_OPTIMIZATION_LEVEL = "-Onone";
			};
			name = Debug;
		};
		7AAA48AB22B642990063A1CD /* Release */ = {
			isa = XCBuildConfiguration;
			buildSettings = {
				ALWAYS_SEARCH_USER_PATHS = NO;
				CLANG_ANALYZER_NONNULL = YES;
				CLANG_ANALYZER_NUMBER_OBJECT_CONVERSION = YES_AGGRESSIVE;
				CLANG_CXX_LANGUAGE_STANDARD = "gnu++14";
				CLANG_CXX_LIBRARY = "libc++";
				CLANG_ENABLE_MODULES = YES;
				CLANG_ENABLE_OBJC_ARC = YES;
				CLANG_ENABLE_OBJC_WEAK = YES;
				CLANG_WARN_BLOCK_CAPTURE_AUTORELEASING = YES;
				CLANG_WARN_BOOL_CONVERSION = YES;
				CLANG_WARN_COMMA = YES;
				CLANG_WARN_CONSTANT_CONVERSION = YES;
				CLANG_WARN_DEPRECATED_OBJC_IMPLEMENTATIONS = YES;
				CLANG_WARN_DIRECT_OBJC_ISA_USAGE = YES_ERROR;
				CLANG_WARN_DOCUMENTATION_COMMENTS = YES;
				CLANG_WARN_EMPTY_BODY = YES;
				CLANG_WARN_ENUM_CONVERSION = YES;
				CLANG_WARN_INFINITE_RECURSION = YES;
				CLANG_WARN_INT_CONVERSION = YES;
				CLANG_WARN_NON_LITERAL_NULL_CONVERSION = YES;
				CLANG_WARN_OBJC_IMPLICIT_RETAIN_SELF = YES;
				CLANG_WARN_OBJC_LITERAL_CONVERSION = YES;
				CLANG_WARN_OBJC_ROOT_CLASS = YES_ERROR;
				CLANG_WARN_RANGE_LOOP_ANALYSIS = YES;
				CLANG_WARN_STRICT_PROTOTYPES = YES;
				CLANG_WARN_SUSPICIOUS_MOVE = YES;
				CLANG_WARN_UNGUARDED_AVAILABILITY = YES_AGGRESSIVE;
				CLANG_WARN_UNREACHABLE_CODE = YES;
				CLANG_WARN__DUPLICATE_METHOD_MATCH = YES;
				CODE_SIGN_IDENTITY = "iPhone Developer";
				COPY_PHASE_STRIP = NO;
				DEBUG_INFORMATION_FORMAT = "dwarf-with-dsym";
				ENABLE_NS_ASSERTIONS = NO;
				ENABLE_STRICT_OBJC_MSGSEND = YES;
				GCC_C_LANGUAGE_STANDARD = gnu11;
				GCC_NO_COMMON_BLOCKS = YES;
				GCC_WARN_64_TO_32_BIT_CONVERSION = YES;
				GCC_WARN_ABOUT_RETURN_TYPE = YES_ERROR;
				GCC_WARN_UNDECLARED_SELECTOR = YES;
				GCC_WARN_UNINITIALIZED_AUTOS = YES_AGGRESSIVE;
				GCC_WARN_UNUSED_FUNCTION = YES;
				GCC_WARN_UNUSED_VARIABLE = YES;
				IPHONEOS_DEPLOYMENT_TARGET = 9.0;
				MTL_ENABLE_DEBUG_INFO = NO;
				MTL_FAST_MATH = YES;
				OTHER_SWIFT_FLAGS = "";
				SDKROOT = iphoneos;
				SWIFT_COMPILATION_MODE = wholemodule;
				SWIFT_OPTIMIZATION_LEVEL = "-O";
				VALIDATE_PRODUCT = YES;
			};
			name = Release;
		};
		7AAA48AD22B642990063A1CD /* Debug */ = {
			isa = XCBuildConfiguration;
			baseConfigurationReference = 83BC349DC7EEEF24135EB213 /* Pods-CyclePageView.debug.xcconfig */;
			buildSettings = {
				ASSETCATALOG_COMPILER_APPICON_NAME = AppIcon;
				CODE_SIGN_STYLE = Automatic;
				DEVELOPMENT_TEAM = 2293673LMU;
				INFOPLIST_FILE = CyclePageView/Info.plist;
				IPHONEOS_DEPLOYMENT_TARGET = 9.0;
				LD_RUNPATH_SEARCH_PATHS = (
					"$(inherited)",
					"@executable_path/Frameworks",
				);
				PRODUCT_BUNDLE_IDENTIFIER = com.qjd.CyclePageView;
				PRODUCT_NAME = "$(TARGET_NAME)";
				SWIFT_VERSION = 5.0;
				TARGETED_DEVICE_FAMILY = "1,2";
			};
			name = Debug;
		};
		7AAA48AE22B642990063A1CD /* Release */ = {
			isa = XCBuildConfiguration;
			baseConfigurationReference = 789588A712A10F8DC2A7077D /* Pods-CyclePageView.release.xcconfig */;
			buildSettings = {
				ASSETCATALOG_COMPILER_APPICON_NAME = AppIcon;
				CODE_SIGN_STYLE = Automatic;
				DEVELOPMENT_TEAM = 2293673LMU;
				INFOPLIST_FILE = CyclePageView/Info.plist;
				IPHONEOS_DEPLOYMENT_TARGET = 9.0;
				LD_RUNPATH_SEARCH_PATHS = (
					"$(inherited)",
					"@executable_path/Frameworks",
				);
				PRODUCT_BUNDLE_IDENTIFIER = com.qjd.CyclePageView;
				PRODUCT_NAME = "$(TARGET_NAME)";
				SWIFT_VERSION = 5.0;
				TARGETED_DEVICE_FAMILY = "1,2";
			};
			name = Release;
		};
/* End XCBuildConfiguration section */

/* Begin XCConfigurationList section */
		7AAA489522B642970063A1CD /* Build configuration list for PBXProject "CyclePageView" */ = {
			isa = XCConfigurationList;
			buildConfigurations = (
				7AAA48AA22B642990063A1CD /* Debug */,
				7AAA48AB22B642990063A1CD /* Release */,
			);
			defaultConfigurationIsVisible = 0;
			defaultConfigurationName = Release;
		};
		7AAA48AC22B642990063A1CD /* Build configuration list for PBXNativeTarget "CyclePageView" */ = {
			isa = XCConfigurationList;
			buildConfigurations = (
				7AAA48AD22B642990063A1CD /* Debug */,
				7AAA48AE22B642990063A1CD /* Release */,
			);
			defaultConfigurationIsVisible = 0;
			defaultConfigurationName = Release;
		};
/* End XCConfigurationList section */
	};
	rootObject = 7AAA489222B642970063A1CD /* Project object */;
}
